<?xml version="1.0" encoding="utf-8"?>
<Project ToolsVersion="4.0" xmlns="http://schemas.microsoft.com/developer/msbuild/2003">
  <ItemGroup>
    <ClCompile Include="MyDynamicListTests.cpp" />
    <ClCompile Include="pch.cpp" />
    <ClCompile Include="MemoryLeakDetector.cpp">
      <Filter>Helpers</Filter>
    </ClCompile>
    <ClCompile Include="IStackTests.cpp" />
    <ClCompile Include="IQueueTests.cpp" />
    <ClCompile Include="IDequeTests.cpp" />
    <ClCompile Include="MyTrieTests.cpp" />
  </ItemGroup>
  <ItemGroup>
    <ClInclude Include="pch.h" />
    <ClInclude Include="MemoryLeakDetector.h">
      <Filter>Helpers</Filter>
    </ClInclude>
  </ItemGroup>
  <ItemGroup>
    <None Include="packages.config" />
  </ItemGroup>
  <ItemGroup>
    <Filter Include="Helpers">
      <UniqueIdentifier>{7112f064-708b-43e1-bd0b-dc41b8b082d6}</UniqueIdentifier>
    </Filter>
  </ItemGroup>
</Project>